// !$*UTF8*$!
{
	archiveVersion = 1;
	classes = {
	};
	objectVersion = 46;
	objects = {

/* Begin PBXBuildFile section */
		AC162B2E1E54F409003E4F2E /* AppDelegate.swift in Sources */ = {isa = PBXBuildFile; fileRef = AC162B2D1E54F409003E4F2E /* AppDelegate.swift */; };
		AC162B301E54F409003E4F2E /* ViewController.swift in Sources */ = {isa = PBXBuildFile; fileRef = AC162B2F1E54F409003E4F2E /* ViewController.swift */; };
		AC162B331E54F409003E4F2E /* Main.storyboard in Resources */ = {isa = PBXBuildFile; fileRef = AC162B311E54F409003E4F2E /* Main.storyboard */; };
		AC162B351E54F409003E4F2E /* Assets.xcassets in Resources */ = {isa = PBXBuildFile; fileRef = AC162B341E54F409003E4F2E /* Assets.xcassets */; };
		AC162B381E54F409003E4F2E /* LaunchScreen.storyboard in Resources */ = {isa = PBXBuildFile; fileRef = AC162B361E54F409003E4F2E /* LaunchScreen.storyboard */; };
		AC162B431E54F409003E4F2E /* TestTests.swift in Sources */ = {isa = PBXBuildFile; fileRef = AC162B421E54F409003E4F2E /* TestTests.swift */; };
		AC162B4E1E54F409003E4F2E /* TestUITests.swift in Sources */ = {isa = PBXBuildFile; fileRef = AC162B4D1E54F409003E4F2E /* TestUITests.swift */; };
		AC162B5C1E552596003E4F2E /* StudentViewController.swift in Sources */ = {isa = PBXBuildFile; fileRef = AC162B5B1E552596003E4F2E /* StudentViewController.swift */; };
/* End PBXBuildFile section */

/* Begin PBXContainerItemProxy section */
		AC162B3F1E54F409003E4F2E /* PBXContainerItemProxy */ = {
			isa = PBXContainerItemProxy;
			containerPortal = AC162B221E54F408003E4F2E /* Project object */;
			proxyType = 1;
			remoteGlobalIDString = AC162B291E54F408003E4F2E;
			remoteInfo = Test;
		};
		AC162B4A1E54F409003E4F2E /* PBXContainerItemProxy */ = {
			isa = PBXContainerItemProxy;
			containerPortal = AC162B221E54F408003E4F2E /* Project object */;
			proxyType = 1;
			remoteGlobalIDString = AC162B291E54F408003E4F2E;
			remoteInfo = Test;
		};
/* End PBXContainerItemProxy section */

/* Begin PBXFileReference section */
		AC162B2A1E54F409003E4F2E /* Test.app */ = {isa = PBXFileReference; explicitFileType = wrapper.application; includeInIndex = 0; path = Test.app; sourceTree = BUILT_PRODUCTS_DIR; };
		AC162B2D1E54F409003E4F2E /* AppDelegate.swift */ = {isa = PBXFileReference; lastKnownFileType = sourcecode.swift; path = AppDelegate.swift; sourceTree = "<group>"; };
		AC162B2F1E54F409003E4F2E /* ViewController.swift */ = {isa = PBXFileReference; lastKnownFileType = sourcecode.swift; path = ViewController.swift; sourceTree = "<group>"; };
		AC162B321E54F409003E4F2E /* Base */ = {isa = PBXFileReference; lastKnownFileType = file.storyboard; name = Base; path = Base.lproj/Main.storyboard; sourceTree = "<group>"; };
		AC162B341E54F409003E4F2E /* Assets.xcassets */ = {isa = PBXFileReference; lastKnownFileType = folder.assetcatalog; path = Assets.xcassets; sourceTree = "<group>"; };
		AC162B371E54F409003E4F2E /* Base */ = {isa = PBXFileReference; lastKnownFileType = file.storyboard; name = Base; path = Base.lproj/LaunchScreen.storyboard; sourceTree = "<group>"; };
		AC162B391E54F409003E4F2E /* Info.plist */ = {isa = PBXFileReference; lastKnownFileType = text.plist.xml; path = Info.plist; sourceTree = "<group>"; };
		AC162B3E1E54F409003E4F2E /* TestTests.xctest */ = {isa = PBXFileReference; explicitFileType = wrapper.cfbundle; includeInIndex = 0; path = TestTests.xctest; sourceTree = BUILT_PRODUCTS_DIR; };
		AC162B421E54F409003E4F2E /* TestTests.swift */ = {isa = PBXFileReference; lastKnownFileType = sourcecode.swift; path = TestTests.swift; sourceTree = "<group>"; };
		AC162B441E54F409003E4F2E /* Info.plist */ = {isa = PBXFileReference; lastKnownFileType = text.plist.xml; path = Info.plist; sourceTree = "<group>"; };
		AC162B491E54F409003E4F2E /* TestUITests.xctest */ = {isa = PBXFileReference; explicitFileType = wrapper.cfbundle; includeInIndex = 0; path = TestUITests.xctest; sourceTree = BUILT_PRODUCTS_DIR; };
		AC162B4D1E54F409003E4F2E /* TestUITests.swift */ = {isa = PBXFileReference; lastKnownFileType = sourcecode.swift; path = TestUITests.swift; sourceTree = "<group>"; };
		AC162B4F1E54F409003E4F2E /* Info.plist */ = {isa = PBXFileReference; lastKnownFileType = text.plist.xml; path = Info.plist; sourceTree = "<group>"; };
		AC162B5B1E552596003E4F2E /* StudentViewController.swift */ = {isa = PBXFileReference; fileEncoding = 4; lastKnownFileType = sourcecode.swift; path = StudentViewController.swift; sourceTree = "<group>"; };
/* End PBXFileReference section */

/* Begin PBXFrameworksBuildPhase section */
		AC162B271E54F408003E4F2E /* Frameworks */ = {
			isa = PBXFrameworksBuildPhase;
			buildActionMask = 2147483647;
			files = (
			);
			runOnlyForDeploymentPostprocessing = 0;
		};
		AC162B3B1E54F409003E4F2E /* Frameworks */ = {
			isa = PBXFrameworksBuildPhase;
			buildActionMask = 2147483647;
			files = (
			);
			runOnlyForDeploymentPostprocessing = 0;
		};
		AC162B461E54F409003E4F2E /* Frameworks */ = {
			isa = PBXFrameworksBuildPhase;
			buildActionMask = 2147483647;
			files = (
			);
			runOnlyForDeploymentPostprocessing = 0;
		};
/* End PBXFrameworksBuildPhase section */

/* Begin PBXGroup section */
		AC162B211E54F408003E4F2E = {
			isa = PBXGroup;
			children = (
				AC162B2C1E54F409003E4F2E /* Test */,
				AC162B411E54F409003E4F2E /* TestTests */,
				AC162B4C1E54F409003E4F2E /* TestUITests */,
				AC162B2B1E54F409003E4F2E /* Products */,
			);
			sourceTree = "<group>";
		};
		AC162B2B1E54F409003E4F2E /* Products */ = {
			isa = PBXGroup;
			children = (
				AC162B2A1E54F409003E4F2E /* Test.app */,
				AC162B3E1E54F409003E4F2E /* TestTests.xctest */,
				AC162B491E54F409003E4F2E /* TestUITests.xctest */,
			);
			name = Products;
			sourceTree = "<group>";
		};
		AC162B2C1E54F409003E4F2E /* Test */ = {
			isa = PBXGroup;
			children = (
				AC162B2D1E54F409003E4F2E /* AppDelegate.swift */,
				AC162B2F1E54F409003E4F2E /* ViewController.swift */,
				AC162B5B1E552596003E4F2E /* StudentViewController.swift */,
				AC162B311E54F409003E4F2E /* Main.storyboard */,
				AC162B341E54F409003E4F2E /* Assets.xcassets */,
				AC162B361E54F409003E4F2E /* LaunchScreen.storyboard */,
				AC162B391E54F409003E4F2E /* Info.plist */,
			);
			path = Test;
			sourceTree = "<group>";
		};
		AC162B411E54F409003E4F2E /* TestTests */ = {
			isa = PBXGroup;
			children = (
				AC162B421E54F409003E4F2E /* TestTests.swift */,
				AC162B441E54F409003E4F2E /* Info.plist */,
			);
			path = TestTests;
			sourceTree = "<group>";
		};
		AC162B4C1E54F409003E4F2E /* TestUITests */ = {
			isa = PBXGroup;
			children = (
				AC162B4D1E54F409003E4F2E /* TestUITests.swift */,
				AC162B4F1E54F409003E4F2E /* Info.plist */,
			);
			path = TestUITests;
			sourceTree = "<group>";
		};
/* End PBXGroup section */

/* Begin PBXNativeTarget section */
		AC162B291E54F408003E4F2E /* Test */ = {
			isa = PBXNativeTarget;
			buildConfigurationList = AC162B521E54F409003E4F2E /* Build configuration list for PBXNativeTarget "Test" */;
			buildPhases = (
				AC162B261E54F408003E4F2E /* Sources */,
				AC162B271E54F408003E4F2E /* Frameworks */,
				AC162B281E54F408003E4F2E /* Resources */,
			);
			buildRules = (
			);
			dependencies = (
			);
			name = Test;
			productName = Test;
			productReference = AC162B2A1E54F409003E4F2E /* Test.app */;
			productType = "com.apple.product-type.application";
		};
		AC162B3D1E54F409003E4F2E /* TestTests */ = {
			isa = PBXNativeTarget;
			buildConfigurationList = AC162B551E54F409003E4F2E /* Build configuration list for PBXNativeTarget "TestTests" */;
			buildPhases = (
				AC162B3A1E54F409003E4F2E /* Sources */,
				AC162B3B1E54F409003E4F2E /* Frameworks */,
				AC162B3C1E54F409003E4F2E /* Resources */,
			);
			buildRules = (
			);
			dependencies = (
				AC162B401E54F409003E4F2E /* PBXTargetDependency */,
			);
			name = TestTests;
			productName = TestTests;
			productReference = AC162B3E1E54F409003E4F2E /* TestTests.xctest */;
			productType = "com.apple.product-type.bundle.unit-test";
		};
		AC162B481E54F409003E4F2E /* TestUITests */ = {
			isa = PBXNativeTarget;
			buildConfigurationList = AC162B581E54F409003E4F2E /* Build configuration list for PBXNativeTarget "TestUITests" */;
			buildPhases = (
				AC162B451E54F409003E4F2E /* Sources */,
				AC162B461E54F409003E4F2E /* Frameworks */,
				AC162B471E54F409003E4F2E /* Resources */,
			);
			buildRules = (
			);
			dependencies = (
				AC162B4B1E54F409003E4F2E /* PBXTargetDependency */,
			);
			name = TestUITests;
			productName = TestUITests;
			productReference = AC162B491E54F409003E4F2E /* TestUITests.xctest */;
			productType = "com.apple.product-type.bundle.ui-testing";
		};
/* End PBXNativeTarget section */

/* Begin PBXProject section */
		AC162B221E54F408003E4F2E /* Project object */ = {
			isa = PBXProject;
			attributes = {
				LastSwiftUpdateCheck = 0820;
				LastUpgradeCheck = 0820;
				ORGANIZATIONNAME = "Usuário Convidado";
				TargetAttributes = {
					AC162B291E54F408003E4F2E = {
						CreatedOnToolsVersion = 8.2.1;
						ProvisioningStyle = Automatic;
					};
					AC162B3D1E54F409003E4F2E = {
						CreatedOnToolsVersion = 8.2.1;
						ProvisioningStyle = Automatic;
						TestTargetID = AC162B291E54F408003E4F2E;
					};
					AC162B481E54F409003E4F2E = {
						CreatedOnToolsVersion = 8.2.1;
						ProvisioningStyle = Automatic;
						TestTargetID = AC162B291E54F408003E4F2E;
					};
				};
			};
			buildConfigurationList = AC162B251E54F408003E4F2E /* Build configuration list for PBXProject "Test" */;
			compatibilityVersion = "Xcode 3.2";
			developmentRegion = English;
			hasScannedForEncodings = 0;
			knownRegions = (
				en,
				Base,
			);
			mainGroup = AC162B211E54F408003E4F2E;
			productRefGroup = AC162B2B1E54F409003E4F2E /* Products */;
			projectDirPath = "";
			projectRoot = "";
			targets = (
				AC162B291E54F408003E4F2E /* Test */,
				AC162B3D1E54F409003E4F2E /* TestTests */,
				AC162B481E54F409003E4F2E /* TestUITests */,
			);
		};
/* End PBXProject section */

/* Begin PBXResourcesBuildPhase section */
		AC162B281E54F408003E4F2E /* Resources */ = {
			isa = PBXResourcesBuildPhase;
			buildActionMask = 2147483647;
			files = (
				AC162B381E54F409003E4F2E /* LaunchScreen.storyboard in Resources */,
				AC162B351E54F409003E4F2E /* Assets.xcassets in Resources */,
				AC162B331E54F409003E4F2E /* Main.storyboard in Resources */,
			);
			runOnlyForDeploymentPostprocessing = 0;
		};
		AC162B3C1E54F409003E4F2E /* Resources */ = {
			isa = PBXResourcesBuildPhase;
			buildActionMask = 2147483647;
			files = (
			);
			runOnlyForDeploymentPostprocessing = 0;
		};
		AC162B471E54F409003E4F2E /* Resources */ = {
			isa = PBXResourcesBuildPhase;
			buildActionMask = 2147483647;
			files = (
			);
			runOnlyForDeploymentPostprocessing = 0;
		};
/* End PBXResourcesBuildPhase section */

/* Begin PBXSourcesBuildPhase section */
		AC162B261E54F408003E4F2E /* Sources */ = {
			isa = PBXSourcesBuildPhase;
			buildActionMask = 2147483647;
			files = (
				AC162B5C1E552596003E4F2E /* StudentViewController.swift in Sources */,
				AC162B301E54F409003E4F2E /* ViewController.swift in Sources */,
				AC162B2E1E54F409003E4F2E /* AppDelegate.swift in Sources */,
			);
			runOnlyForDeploymentPostprocessing = 0;
		};
		AC162B3A1E54F409003E4F2E /* Sources */ = {
			isa = PBXSourcesBuildPhase;
			buildActionMask = 2147483647;
			files = (
				AC162B431E54F409003E4F2E /* TestTests.swift in Sources */,
			);
			runOnlyForDeploymentPostprocessing = 0;
		};
		AC162B451E54F409003E4F2E /* Sources */ = {
			isa = PBXSourcesBuildPhase;
			buildActionMask = 2147483647;
			files = (
				AC162B4E1E54F409003E4F2E /* TestUITests.swift in Sources */,
			);
			runOnlyForDeploymentPostprocessing = 0;
		};
/* End PBXSourcesBuildPhase section */

/* Begin PBXTargetDependency section */
		AC162B401E54F409003E4F2E /* PBXTargetDependency */ = {
			isa = PBXTargetDependency;
			target = AC162B291E54F408003E4F2E /* Test */;
			targetProxy = AC162B3F1E54F409003E4F2E /* PBXContainerItemProxy */;
		};
		AC162B4B1E54F409003E4F2E /* PBXTargetDependency */ = {
			isa = PBXTargetDependency;
			target = AC162B291E54F408003E4F2E /* Test */;
			targetProxy = AC162B4A1E54F409003E4F2E /* PBXContainerItemProxy */;
		};
/* End PBXTargetDependency section */

/* Begin PBXVariantGroup section */
		AC162B311E54F409003E4F2E /* Main.storyboard */ = {
			isa = PBXVariantGroup;
			children = (
				AC162B321E54F409003E4F2E /* Base */,
			);
			name = Main.storyboard;
			sourceTree = "<group>";
		};
		AC162B361E54F409003E4F2E /* LaunchScreen.storyboard */ = {
			isa = PBXVariantGroup;
			children = (
				AC162B371E54F409003E4F2E /* Base */,
			);
			name = LaunchScreen.storyboard;
			sourceTree = "<group>";
		};
/* End PBXVariantGroup section */

/* Begin XCBuildConfiguration section */
		AC162B501E54F409003E4F2E /* Debug */ = {
			isa = XCBuildConfiguration;
			buildSettings = {
				ALWAYS_SEARCH_USER_PATHS = NO;
				CLANG_ANALYZER_NONNULL = YES;
				CLANG_CXX_LANGUAGE_STANDARD = "gnu++0x";
				CLANG_CXX_LIBRARY = "libc++";
				CLANG_ENABLE_MODULES = YES;
				CLANG_ENABLE_OBJC_ARC = YES;
				CLANG_WARN_BOOL_CONVERSION = YES;
				CLANG_WARN_CONSTANT_CONVERSION = YES;
				CLANG_WARN_DIRECT_OBJC_ISA_USAGE = YES_ERROR;
				CLANG_WARN_DOCUMENTATION_COMMENTS = YES;
				CLANG_WARN_EMPTY_BODY = YES;
				CLANG_WARN_ENUM_CONVERSION = YES;
				CLANG_WARN_INFINITE_RECURSION = YES;
				CLANG_WARN_INT_CONVERSION = YES;
				CLANG_WARN_OBJC_ROOT_CLASS = YES_ERROR;
				CLANG_WARN_SUSPICIOUS_MOVE = YES;
				CLANG_WARN_UNREACHABLE_CODE = YES;
				CLANG_WARN__DUPLICATE_METHOD_MATCH = YES;
				"CODE_SIGN_IDENTITY[sdk=iphoneos*]" = "iPhone Developer";
				COPY_PHASE_STRIP = NO;
				DEBUG_INFORMATION_FORMAT = dwarf;
				ENABLE_STRICT_OBJC_MSGSEND = YES;
				ENABLE_TESTABILITY = YES;
				GCC_C_LANGUAGE_STANDARD = gnu99;
				GCC_DYNAMIC_NO_PIC = NO;
				GCC_NO_COMMON_BLOCKS = YES;
				GCC_OPTIMIZATION_LEVEL = 0;
				GCC_PREPROCESSOR_DEFINITIONS = (
					"DEBUG=1",
					"$(inherited)",
				);
				GCC_WARN_64_TO_32_BIT_CONVERSION = YES;
				GCC_WARN_ABOUT_RETURN_TYPE = YES_ERROR;
				GCC_WARN_UNDECLARED_SELECTOR = YES;
				GCC_WARN_UNINITIALIZED_AUTOS = YES_AGGRESSIVE;
				GCC_WARN_UNUSED_FUNCTION = YES;
				GCC_WARN_UNUSED_VARIABLE = YES;
				IPHONEOS_DEPLOYMENT_TARGET = 10.2;
				MTL_ENABLE_DEBUG_INFO = YES;
				ONLY_ACTIVE_ARCH = YES;
				SDKROOT = iphoneos;
				SWIFT_ACTIVE_COMPILATION_CONDITIONS = DEBUG;
				SWIFT_OPTIMIZATION_LEVEL = "-Onone";
				TARGETED_DEVICE_FAMILY = "1,2";
			};
			name = Debug;
		};
		AC162B511E54F409003E4F2E /* Release */ = {
			isa = XCBuildConfiguration;
			buildSettings = {
				ALWAYS_SEARCH_USER_PATHS = NO;
				CLANG_ANALYZER_NONNULL = YES;
				CLANG_CXX_LANGUAGE_STANDARD = "gnu++0x";
				CLANG_CXX_LIBRARY = "libc++";
				CLANG_ENABLE_MODULES = YES;
				CLANG_ENABLE_OBJC_ARC = YES;
				CLANG_WARN_BOOL_CONVERSION = YES;
				CLANG_WARN_CONSTANT_CONVERSION = YES;
				CLANG_WARN_DIRECT_OBJC_ISA_USAGE = YES_ERROR;
				CLANG_WARN_DOCUMENTATION_COMMENTS = YES;
				CLANG_WARN_EMPTY_BODY = YES;
				CLANG_WARN_ENUM_CONVERSION = YES;
				CLANG_WARN_INFINITE_RECURSION = YES;
				CLANG_WARN_INT_CONVERSION = YES;
				CLANG_WARN_OBJC_ROOT_CLASS = YES_ERROR;
				CLANG_WARN_SUSPICIOUS_MOVE = YES;
				CLANG_WARN_UNREACHABLE_CODE = YES;
				CLANG_WARN__DUPLICATE_METHOD_MATCH = YES;
				"CODE_SIGN_IDENTITY[sdk=iphoneos*]" = "iPhone Developer";
				COPY_PHASE_STRIP = NO;
				DEBUG_INFORMATION_FORMAT = "dwarf-with-dsym";
				ENABLE_NS_ASSERTIONS = NO;
				ENABLE_STRICT_OBJC_MSGSEND = YES;
				GCC_C_LANGUAGE_STANDARD = gnu99;
				GCC_NO_COMMON_BLOCKS = YES;
				GCC_WARN_64_TO_32_BIT_CONVERSION = YES;
				GCC_WARN_ABOUT_RETURN_TYPE = YES_ERROR;
				GCC_WARN_UNDECLARED_SELECTOR = YES;
				GCC_WARN_UNINITIALIZED_AUTOS = YES_AGGRESSIVE;
				GCC_WARN_UNUSED_FUNCTION = YES;
				GCC_WARN_UNUSED_VARIABLE = YES;
				IPHONEOS_DEPLOYMENT_TARGET = 10.2;
				MTL_ENABLE_DEBUG_INFO = NO;
				SDKROOT = iphoneos;
				SWIFT_OPTIMIZATION_LEVEL = "-Owholemodule";
				TARGETED_DEVICE_FAMILY = "1,2";
				VALIDATE_PRODUCT = YES;
			};
			name = Release;
		};
		AC162B531E54F409003E4F2E /* Debug */ = {
			isa = XCBuildConfiguration;
			buildSettings = {
				ASSETCATALOG_COMPILER_APPICON_NAME = AppIcon;
				INFOPLIST_FILE = Test/Info.plist;
				LD_RUNPATH_SEARCH_PATHS = "$(inherited) @executable_path/Frameworks";
				PRODUCT_BUNDLE_IDENTIFIER = com.cauealmeida.BoostApp;
				PRODUCT_NAME = "$(TARGET_NAME)";
				SWIFT_VERSION = 3.0;
			};
			name = Debug;
		};
		AC162B541E54F409003E4F2E /* Release */ = {
			isa = XCBuildConfiguration;
			buildSettings = {
				ASSETCATALOG_COMPILER_APPICON_NAME = AppIcon;
				INFOPLIST_FILE = Test/Info.plist;
				LD_RUNPATH_SEARCH_PATHS = "$(inherited) @executable_path/Frameworks";
				PRODUCT_BUNDLE_IDENTIFIER = com.cauealmeida.BoostApp;
				PRODUCT_NAME = "$(TARGET_NAME)";
				SWIFT_VERSION = 3.0;
			};
			name = Release;
		};
		AC162B561E54F409003E4F2E /* Debug */ = {
			isa = XCBuildConfiguration;
			buildSettings = {
				ALWAYS_EMBED_SWIFT_STANDARD_LIBRARIES = YES;
				BUNDLE_LOADER = "$(TEST_HOST)";
				INFOPLIST_FILE = TestTests/Info.plist;
				LD_RUNPATH_SEARCH_PATHS = "$(inherited) @executable_path/Frameworks @loader_path/Frameworks";
				PRODUCT_BUNDLE_IDENTIFIER = com.cauealmeida.TestTests;
				PRODUCT_NAME = "$(TARGET_NAME)";
				SWIFT_VERSION = 3.0;
				TEST_HOST = "$(BUILT_PRODUCTS_DIR)/Test.app/Test";
			};
			name = Debug;
		};
		AC162B571E54F409003E4F2E /* Release */ = {
			isa = XCBuildConfiguration;
			buildSettings = {
				ALWAYS_EMBED_SWIFT_STANDARD_LIBRARIES = YES;
				BUNDLE_LOADER = "$(TEST_HOST)";
				INFOPLIST_FILE = TestTests/Info.plist;
				LD_RUNPATH_SEARCH_PATHS = "$(inherited) @executable_path/Frameworks @loader_path/Frameworks";
				PRODUCT_BUNDLE_IDENTIFIER = com.cauealmeida.TestTests;
				PRODUCT_NAME = "$(TARGET_NAME)";
				SWIFT_VERSION = 3.0;
				TEST_HOST = "$(BUILT_PRODUCTS_DIR)/Test.app/Test";
			};
			name = Release;
		};
		AC162B591E54F409003E4F2E /* Debug */ = {
			isa = XCBuildConfiguration;
			buildSettings = {
				ALWAYS_EMBED_SWIFT_STANDARD_LIBRARIES = YES;
				INFOPLIST_FILE = TestUITests/Info.plist;
				LD_RUNPATH_SEARCH_PATHS = "$(inherited) @executable_path/Frameworks @loader_path/Frameworks";
				PRODUCT_BUNDLE_IDENTIFIER = com.cauealmeida.TestUITests;
				PRODUCT_NAME = "$(TARGET_NAME)";
				SWIFT_VERSION = 3.0;
				TEST_TARGET_NAME = Test;
			};
			name = Debug;
		};
		AC162B5A1E54F409003E4F2E /* Release */ = {
			isa = XCBuildConfiguration;
			buildSettings = {
				ALWAYS_EMBED_SWIFT_STANDARD_LIBRARIES = YES;
				INFOPLIST_FILE = TestUITests/Info.plist;
				LD_RUNPATH_SEARCH_PATHS = "$(inherited) @executable_path/Frameworks @loader_path/Frameworks";
				PRODUCT_BUNDLE_IDENTIFIER = com.cauealmeida.TestUITests;
				PRODUCT_NAME = "$(TARGET_NAME)";
				SWIFT_VERSION = 3.0;
				TEST_TARGET_NAME = Test;
			};
			name = Release;
		};
/* End XCBuildConfiguration section */

/* Begin XCConfigurationList section */
		AC162B251E54F408003E4F2E /* Build configuration list for PBXProject "Test" */ = {
			isa = XCConfigurationList;
			buildConfigurations = (
				AC162B501E54F409003E4F2E /* Debug */,
				AC162B511E54F409003E4F2E /* Release */,
			);
			defaultConfigurationIsVisible = 0;
			defaultConfigurationName = Release;
		};
		AC162B521E54F409003E4F2E /* Build configuration list for PBXNativeTarget "Test" */ = {
			isa = XCConfigurationList;
			buildConfigurations = (
				AC162B531E54F409003E4F2E /* Debug */,
				AC162B541E54F409003E4F2E /* Release */,
			);
			defaultConfigurationIsVisible = 0;
		};
		AC162B551E54F409003E4F2E /* Build configuration list for PBXNativeTarget "TestTests" */ = {
			isa = XCConfigurationList;
			buildConfigurations = (
				AC162B561E54F409003E4F2E /* Debug */,
				AC162B571E54F409003E4F2E /* Release */,
			);
			defaultConfigurationIsVisible = 0;
		};
		AC162B581E54F409003E4F2E /* Build configuration list for PBXNativeTarget "TestUITests" */ = {
			isa = XCConfigurationList;
			buildConfigurations = (
				AC162B591E54F409003E4F2E /* Debug */,
				AC162B5A1E54F409003E4F2E /* Release */,
			);
			defaultConfigurationIsVisible = 0;
		};
/* End XCConfigurationList section */
	};
	rootObject = AC162B221E54F408003E4F2E /* Project object */;
}
